
Microsoft Visual Studio Solution File, Format Version 12.00
# Visual Studio Version 17
VisualStudioVersion = 17.0.31903.59
MinimumVisualStudioVersion = 10.0.40219.1
Project("{FAE04EC0-301F-11D3-BF4B-00C04F79EFBC}") = "CentroEventos.Aplicacion", "CentroEventos.Aplicacion\CentroEventos.Aplicacion.csproj", "{FE8F2207-9030-46B9-B5B3-9F34D41AD2CE}"
EndProject
Project("{FAE04EC0-301F-11D3-BF4B-00C04F79EFBC}") = "CentroEventos.Consola", "CentroEventos.Consola\CentroEventos.Consola.csproj", "{2A36374A-ABE3-4949-A2BD-780A890999B0}"
EndProject
Project("{FAE04EC0-301F-11D3-BF4B-00C04F79EFBC}") = "CentroEventos.Repositorios", "CentroEventos.Repositorios\CentroEventos.Repositorios.csproj", "{7DFE7374-F2FA-48CF-A179-DCD723FBFB2A}"
EndProject
Global
	GlobalSection(SolutionConfigurationPlatforms) = preSolution
		Debug|Any CPU = Debug|Any CPU
		Release|Any CPU = Release|Any CPU
	EndGlobalSection
	GlobalSection(SolutionProperties) = preSolution
		HideSolutionNode = FALSE
	EndGlobalSection
	GlobalSection(ProjectConfigurationPlatforms) = postSolution
		{FE8F2207-9030-46B9-B5B3-9F34D41AD2CE}.Debug|Any CPU.ActiveCfg = Debug|Any CPU
		{FE8F2207-9030-46B9-B5B3-9F34D41AD2CE}.Debug|Any CPU.Build.0 = Debug|Any CPU
		{FE8F2207-9030-46B9-B5B3-9F34D41AD2CE}.Release|Any CPU.ActiveCfg = Release|Any CPU
		{FE8F2207-9030-46B9-B5B3-9F34D41AD2CE}.Release|Any CPU.Build.0 = Release|Any CPU
		{2A36374A-ABE3-4949-A2BD-780A890999B0}.Debug|Any CPU.ActiveCfg = Debug|Any CPU
		{2A36374A-ABE3-4949-A2BD-780A890999B0}.Debug|Any CPU.Build.0 = Debug|Any CPU
		{2A36374A-ABE3-4949-A2BD-780A890999B0}.Release|Any CPU.ActiveCfg = Release|Any CPU
		{2A36374A-ABE3-4949-A2BD-780A890999B0}.Release|Any CPU.Build.0 = Release|Any CPU
		{7DFE7374-F2FA-48CF-A179-DCD723FBFB2A}.Debug|Any CPU.ActiveCfg = Debug|Any CPU
		{7DFE7374-F2FA-48CF-A179-DCD723FBFB2A}.Debug|Any CPU.Build.0 = Debug|Any CPU
		{7DFE7374-F2FA-48CF-A179-DCD723FBFB2A}.Release|Any CPU.ActiveCfg = Release|Any CPU
		{7DFE7374-F2FA-48CF-A179-DCD723FBFB2A}.Release|Any CPU.Build.0 = Release|Any CPU
	EndGlobalSection
EndGlobal
